PODS:
  - Flutter (1.0.0)
  - NMSSH (2.3.1)
  - shared_preferences (0.0.1):
    - Flutter
  - ssh (0.0.7):
    - Flutter
    - NMSSH

DEPENDENCIES:
  - Flutter (from `Flutter`)
  - shared_preferences (from `.symlinks/plugins/shared_preferences/ios`)
  - ssh (from `.symlinks/plugins/ssh/ios`)

SPEC REPOS:
  https://github.com/CocoaPods/Specs.git:
    - NMSSH

EXTERNAL SOURCES:
  Flutter:
    :path: Flutter
  shared_preferences:
    :path: ".symlinks/plugins/shared_preferences/ios"
  ssh:
    :path: ".symlinks/plugins/ssh/ios"

SPEC CHECKSUMS:
  Flutter: 0e3d915762c693b495b44d77113d4970485de6ec
  NMSSH: cd689ae535a1581a6dd9fd4600ff71247df510a6
  shared_preferences: af6bfa751691cdc24be3045c43ec037377ada40d
  ssh: ab4d3c3430b97acae3f396432952d6bf502c40c6

PODFILE CHECKSUM: 8e679eca47255a8ca8067c4c67aab20e64cb974d

COCOAPODS: 1.8.4
