PODS:
  - Flutter (1.0.0)
  - GZ-NMSSH (4.1.5)
  - shared_preferences_ios (0.0.1):
    - Flutter
  - ssh2 (2.2.3):
    - Flutter
    - GZ-NMSSH (~> 4.1.5)

DEPENDENCIES:
  - Flutter (from `Flutter`)
  - shared_preferences_ios (from `.symlinks/plugins/shared_preferences_ios/ios`)
  - ssh2 (from `.symlinks/plugins/ssh2/ios`)

SPEC REPOS:
  trunk:
    - GZ-NMSSH

EXTERNAL SOURCES:
  Flutter:
    :path: Flutter
  shared_preferences_ios:
    :path: ".symlinks/plugins/shared_preferences_ios/ios"
  ssh2:
    :path: ".symlinks/plugins/ssh2/ios"

SPEC CHECKSUMS:
  Flutter: 50d75fe2f02b26cc09d224853bb45737f8b3214a
  GZ-NMSSH: d749f8ae2fd0094b953cd1d5abd8e0cab3c93f8d
  shared_preferences_ios: 548a61f8053b9b8a49ac19c1ffbc8b92c50d68ad
  ssh2: 74165efc99417a075ecafd52caf93edadfb5eb60

PODFILE CHECKSUM: aafe91acc616949ddb318b77800a7f51bffa2a4c

COCOAPODS: 1.11.3
